
Microsoft Visual Studio Solution File, Format Version 12.00
# Visual Studio Version 16
VisualStudioVersion = 16.0.29418.71
MinimumVisualStudioVersion = 10.0.40219.1
Project("{FAE04EC0-301F-11D3-BF4B-00C04F79EFBC}") = "CSGUIDLib", "CSGUIDLib\CSGUIDLib.csproj", "{6BE99C81-7F6B-438E-8162-02BE9526E897}"
EndProject
Global
	GlobalSection(SolutionConfigurationPlatforms) = preSolution
		Debug|Any CPU = Debug|Any CPU
		Release|Any CPU = Release|Any CPU
	EndGlobalSection
	GlobalSection(ProjectConfigurationPlatforms) = postSolution
		{6BE99C81-7F6B-438E-8162-02BE9526E897}.Debug|Any CPU.ActiveCfg = Debug|Any CPU
		{6BE99C81-7F6B-438E-8162-02BE9526E897}.Debug|Any CPU.Build.0 = Debug|Any CPU
		{6BE99C81-7F6B-438E-8162-02BE9526E897}.Release|Any CPU.ActiveCfg = Release|Any CPU
		{6BE99C81-7F6B-438E-8162-02BE9526E897}.Release|Any CPU.Build.0 = Release|Any CPU
	EndGlobalSection
	GlobalSection(SolutionProperties) = preSolution
		HideSolutionNode = FALSE
	EndGlobalSection
	GlobalSection(ExtensibilityGlobals) = postSolution
		SolutionGuid = {A297B6CA-14CB-483C-8572-3C1F8E87154F}
	EndGlobalSection
EndGlobal
